// !$*UTF8*$!
{
	archiveVersion = 1;
	classes = {
	};
	objectVersion = 50;
	objects = {

/* Begin PBXBuildFile section */
		5805DFB5269C573B0082213C /* CategoryCell.swift in Sources */ = {isa = PBXBuildFile; fileRef = 5805DFB4269C573B0082213C /* CategoryCell.swift */; };
		587389E4269B1D220050FB4D /* AppDelegate.swift in Sources */ = {isa = PBXBuildFile; fileRef = 587389E3269B1D220050FB4D /* AppDelegate.swift */; };
		587389E6269B1D220050FB4D /* SceneDelegate.swift in Sources */ = {isa = PBXBuildFile; fileRef = 587389E5269B1D220050FB4D /* SceneDelegate.swift */; };
		587389E8269B1D220050FB4D /* Home.swift in Sources */ = {isa = PBXBuildFile; fileRef = 587389E7269B1D220050FB4D /* Home.swift */; };
		587389EB269B1D220050FB4D /* Main.storyboard in Resources */ = {isa = PBXBuildFile; fileRef = 587389E9269B1D220050FB4D /* Main.storyboard */; };
		587389ED269B1D280050FB4D /* Assets.xcassets in Resources */ = {isa = PBXBuildFile; fileRef = 587389EC269B1D280050FB4D /* Assets.xcassets */; };
		587389F0269B1D280050FB4D /* LaunchScreen.storyboard in Resources */ = {isa = PBXBuildFile; fileRef = 587389EE269B1D280050FB4D /* LaunchScreen.storyboard */; };
		58738A02269C383C0050FB4D /* LogsViewController.swift in Sources */ = {isa = PBXBuildFile; fileRef = 58738A01269C383C0050FB4D /* LogsViewController.swift */; };
		58738A06269C3DAC0050FB4D /* EditViewController.swift in Sources */ = {isa = PBXBuildFile; fileRef = 58738A05269C3DAC0050FB4D /* EditViewController.swift */; };
		58BB1853269ED59B00CD2638 /* TabBarViewController.swift in Sources */ = {isa = PBXBuildFile; fileRef = 58BB1852269ED59B00CD2638 /* TabBarViewController.swift */; };
/* End PBXBuildFile section */

/* Begin PBXFileReference section */
		5805DFB4269C573B0082213C /* CategoryCell.swift */ = {isa = PBXFileReference; lastKnownFileType = sourcecode.swift; path = CategoryCell.swift; sourceTree = "<group>"; };
		587389E0269B1D220050FB4D /* XSavvy.app */ = {isa = PBXFileReference; explicitFileType = wrapper.application; includeInIndex = 0; path = XSavvy.app; sourceTree = BUILT_PRODUCTS_DIR; };
		587389E3269B1D220050FB4D /* AppDelegate.swift */ = {isa = PBXFileReference; lastKnownFileType = sourcecode.swift; path = AppDelegate.swift; sourceTree = "<group>"; };
		587389E5269B1D220050FB4D /* SceneDelegate.swift */ = {isa = PBXFileReference; lastKnownFileType = sourcecode.swift; path = SceneDelegate.swift; sourceTree = "<group>"; };
		587389E7269B1D220050FB4D /* Home.swift */ = {isa = PBXFileReference; lastKnownFileType = sourcecode.swift; path = Home.swift; sourceTree = "<group>"; };
		587389EA269B1D220050FB4D /* Base */ = {isa = PBXFileReference; lastKnownFileType = file.storyboard; name = Base; path = Base.lproj/Main.storyboard; sourceTree = "<group>"; };
		587389EC269B1D280050FB4D /* Assets.xcassets */ = {isa = PBXFileReference; lastKnownFileType = folder.assetcatalog; path = Assets.xcassets; sourceTree = "<group>"; };
		587389EF269B1D280050FB4D /* Base */ = {isa = PBXFileReference; lastKnownFileType = file.storyboard; name = Base; path = Base.lproj/LaunchScreen.storyboard; sourceTree = "<group>"; };
		587389F1269B1D280050FB4D /* Info.plist */ = {isa = PBXFileReference; lastKnownFileType = text.plist.xml; path = Info.plist; sourceTree = "<group>"; };
		58738A01269C383C0050FB4D /* LogsViewController.swift */ = {isa = PBXFileReference; lastKnownFileType = sourcecode.swift; path = LogsViewController.swift; sourceTree = "<group>"; };
		58738A05269C3DAC0050FB4D /* EditViewController.swift */ = {isa = PBXFileReference; lastKnownFileType = sourcecode.swift; path = EditViewController.swift; sourceTree = "<group>"; };
		58BB1852269ED59B00CD2638 /* TabBarViewController.swift */ = {isa = PBXFileReference; lastKnownFileType = sourcecode.swift; path = TabBarViewController.swift; sourceTree = "<group>"; };
/* End PBXFileReference section */

/* Begin PBXFrameworksBuildPhase section */
		587389DD269B1D220050FB4D /* Frameworks */ = {
			isa = PBXFrameworksBuildPhase;
			buildActionMask = 2147483647;
			files = (
			);
			runOnlyForDeploymentPostprocessing = 0;
		};
/* End PBXFrameworksBuildPhase section */

/* Begin PBXGroup section */
		587389D7269B1D220050FB4D = {
			isa = PBXGroup;
			children = (
				58738A09269C47780050FB4D /* Controller */,
				587389E2269B1D220050FB4D /* XSavvy */,
				587389E1269B1D220050FB4D /* Products */,
			);
			sourceTree = "<group>";
		};
		587389E1269B1D220050FB4D /* Products */ = {
			isa = PBXGroup;
			children = (
				587389E0269B1D220050FB4D /* XSavvy.app */,
			);
			name = Products;
			sourceTree = "<group>";
		};
		587389E2269B1D220050FB4D /* XSavvy */ = {
			isa = PBXGroup;
			children = (
				587389E3269B1D220050FB4D /* AppDelegate.swift */,
				587389E5269B1D220050FB4D /* SceneDelegate.swift */,
				587389E9269B1D220050FB4D /* Main.storyboard */,
				587389EC269B1D280050FB4D /* Assets.xcassets */,
				587389EE269B1D280050FB4D /* LaunchScreen.storyboard */,
				587389F1269B1D280050FB4D /* Info.plist */,
			);
			path = XSavvy;
			sourceTree = "<group>";
		};
		58738A09269C47780050FB4D /* Controller */ = {
			isa = PBXGroup;
			children = (
				587389E7269B1D220050FB4D /* Home.swift */,
				58738A01269C383C0050FB4D /* LogsViewController.swift */,
				58738A05269C3DAC0050FB4D /* EditViewController.swift */,
				5805DFB4269C573B0082213C /* CategoryCell.swift */,
				58BB1852269ED59B00CD2638 /* TabBarViewController.swift */,
			);
			path = Controller;
			sourceTree = "<group>";
		};
/* End PBXGroup section */

/* Begin PBXNativeTarget section */
		587389DF269B1D220050FB4D /* XSavvy */ = {
			isa = PBXNativeTarget;
			buildConfigurationList = 587389F4269B1D280050FB4D /* Build configuration list for PBXNativeTarget "XSavvy" */;
			buildPhases = (
				587389DC269B1D220050FB4D /* Sources */,
				587389DD269B1D220050FB4D /* Frameworks */,
				587389DE269B1D220050FB4D /* Resources */,
			);
			buildRules = (
			);
			dependencies = (
			);
			name = XSavvy;
			productName = XSavvy;
			productReference = 587389E0269B1D220050FB4D /* XSavvy.app */;
			productType = "com.apple.product-type.application";
		};
/* End PBXNativeTarget section */

/* Begin PBXProject section */
		587389D8269B1D220050FB4D /* Project object */ = {
			isa = PBXProject;
			attributes = {
				LastSwiftUpdateCheck = 1240;
				LastUpgradeCheck = 1240;
				TargetAttributes = {
					587389DF269B1D220050FB4D = {
						CreatedOnToolsVersion = 12.4;
					};
				};
			};
			buildConfigurationList = 587389DB269B1D220050FB4D /* Build configuration list for PBXProject "XSavvy" */;
			compatibilityVersion = "Xcode 9.3";
			developmentRegion = en;
			hasScannedForEncodings = 0;
			knownRegions = (
				en,
				Base,
			);
			mainGroup = 587389D7269B1D220050FB4D;
			productRefGroup = 587389E1269B1D220050FB4D /* Products */;
			projectDirPath = "";
			projectRoot = "";
			targets = (
				587389DF269B1D220050FB4D /* XSavvy */,
			);
		};
/* End PBXProject section */

/* Begin PBXResourcesBuildPhase section */
		587389DE269B1D220050FB4D /* Resources */ = {
			isa = PBXResourcesBuildPhase;
			buildActionMask = 2147483647;
			files = (
				587389F0269B1D280050FB4D /* LaunchScreen.storyboard in Resources */,
				587389ED269B1D280050FB4D /* Assets.xcassets in Resources */,
				587389EB269B1D220050FB4D /* Main.storyboard in Resources */,
			);
			runOnlyForDeploymentPostprocessing = 0;
		};
/* End PBXResourcesBuildPhase section */

/* Begin PBXSourcesBuildPhase section */
		587389DC269B1D220050FB4D /* Sources */ = {
			isa = PBXSourcesBuildPhase;
			buildActionMask = 2147483647;
			files = (
				58738A06269C3DAC0050FB4D /* EditViewController.swift in Sources */,
				587389E8269B1D220050FB4D /* Home.swift in Sources */,
				587389E4269B1D220050FB4D /* AppDelegate.swift in Sources */,
				587389E6269B1D220050FB4D /* SceneDelegate.swift in Sources */,
				58BB1853269ED59B00CD2638 /* TabBarViewController.swift in Sources */,
				58738A02269C383C0050FB4D /* LogsViewController.swift in Sources */,
				5805DFB5269C573B0082213C /* CategoryCell.swift in Sources */,
			);
			runOnlyForDeploymentPostprocessing = 0;
		};
/* End PBXSourcesBuildPhase section */

/* Begin PBXVariantGroup section */
		587389E9269B1D220050FB4D /* Main.storyboard */ = {
			isa = PBXVariantGroup;
			children = (
				587389EA269B1D220050FB4D /* Base */,
			);
			name = Main.storyboard;
			sourceTree = "<group>";
		};
		587389EE269B1D280050FB4D /* LaunchScreen.storyboard */ = {
			isa = PBXVariantGroup;
			children = (
				587389EF269B1D280050FB4D /* Base */,
			);
			name = LaunchScreen.storyboard;
			sourceTree = "<group>";
		};
/* End PBXVariantGroup section */

/* Begin XCBuildConfiguration section */
		587389F2269B1D280050FB4D /* Debug */ = {
			isa = XCBuildConfiguration;
			buildSettings = {
				ALWAYS_SEARCH_USER_PATHS = NO;
				CLANG_ANALYZER_NONNULL = YES;
				CLANG_ANALYZER_NUMBER_OBJECT_CONVERSION = YES_AGGRESSIVE;
				CLANG_CXX_LANGUAGE_STANDARD = "gnu++14";
				CLANG_CXX_LIBRARY = "libc++";
				CLANG_ENABLE_MODULES = YES;
				CLANG_ENABLE_OBJC_ARC = YES;
				CLANG_ENABLE_OBJC_WEAK = YES;
				CLANG_WARN_BLOCK_CAPTURE_AUTORELEASING = YES;
				CLANG_WARN_BOOL_CONVERSION = YES;
				CLANG_WARN_COMMA = YES;
				CLANG_WARN_CONSTANT_CONVERSION = YES;
				CLANG_WARN_DEPRECATED_OBJC_IMPLEMENTATIONS = YES;
				CLANG_WARN_DIRECT_OBJC_ISA_USAGE = YES_ERROR;
				CLANG_WARN_DOCUMENTATION_COMMENTS = YES;
				CLANG_WARN_EMPTY_BODY = YES;
				CLANG_WARN_ENUM_CONVERSION = YES;
				CLANG_WARN_INFINITE_RECURSION = YES;
				CLANG_WARN_INT_CONVERSION = YES;
				CLANG_WARN_NON_LITERAL_NULL_CONVERSION = YES;
				CLANG_WARN_OBJC_IMPLICIT_RETAIN_SELF = YES;
				CLANG_WARN_OBJC_LITERAL_CONVERSION = YES;
				CLANG_WARN_OBJC_ROOT_CLASS = YES_ERROR;
				CLANG_WARN_QUOTED_INCLUDE_IN_FRAMEWORK_HEADER = YES;
				CLANG_WARN_RANGE_LOOP_ANALYSIS = YES;
				CLANG_WARN_STRICT_PROTOTYPES = YES;
				CLANG_WARN_SUSPICIOUS_MOVE = YES;
				CLANG_WARN_UNGUARDED_AVAILABILITY = YES_AGGRESSIVE;
				CLANG_WARN_UNREACHABLE_CODE = YES;
				CLANG_WARN__DUPLICATE_METHOD_MATCH = YES;
				COPY_PHASE_STRIP = NO;
				DEBUG_INFORMATION_FORMAT = dwarf;
				ENABLE_STRICT_OBJC_MSGSEND = YES;
				ENABLE_TESTABILITY = YES;
				GCC_C_LANGUAGE_STANDARD = gnu11;
				GCC_DYNAMIC_NO_PIC = NO;
				GCC_NO_COMMON_BLOCKS = YES;
				GCC_OPTIMIZATION_LEVEL = 0;
				GCC_PREPROCESSOR_DEFINITIONS = (
					"DEBUG=1",
					"$(inherited)",
				);
				GCC_WARN_64_TO_32_BIT_CONVERSION = YES;
				GCC_WARN_ABOUT_RETURN_TYPE = YES_ERROR;
				GCC_WARN_UNDECLARED_SELECTOR = YES;
				GCC_WARN_UNINITIALIZED_AUTOS = YES_AGGRESSIVE;
				GCC_WARN_UNUSED_FUNCTION = YES;
				GCC_WARN_UNUSED_VARIABLE = YES;
				IPHONEOS_DEPLOYMENT_TARGET = 14.4;
				MTL_ENABLE_DEBUG_INFO = INCLUDE_SOURCE;
				MTL_FAST_MATH = YES;
				ONLY_ACTIVE_ARCH = YES;
				SDKROOT = iphoneos;
				SWIFT_ACTIVE_COMPILATION_CONDITIONS = DEBUG;
				SWIFT_OPTIMIZATION_LEVEL = "-Onone";
			};
			name = Debug;
		};
		587389F3269B1D280050FB4D /* Release */ = {
			isa = XCBuildConfiguration;
			buildSettings = {
				ALWAYS_SEARCH_USER_PATHS = NO;
				CLANG_ANALYZER_NONNULL = YES;
				CLANG_ANALYZER_NUMBER_OBJECT_CONVERSION = YES_AGGRESSIVE;
				CLANG_CXX_LANGUAGE_STANDARD = "gnu++14";
				CLANG_CXX_LIBRARY = "libc++";
				CLANG_ENABLE_MODULES = YES;
				CLANG_ENABLE_OBJC_ARC = YES;
				CLANG_ENABLE_OBJC_WEAK = YES;
				CLANG_WARN_BLOCK_CAPTURE_AUTORELEASING = YES;
				CLANG_WARN_BOOL_CONVERSION = YES;
				CLANG_WARN_COMMA = YES;
				CLANG_WARN_CONSTANT_CONVERSION = YES;
				CLANG_WARN_DEPRECATED_OBJC_IMPLEMENTATIONS = YES;
				CLANG_WARN_DIRECT_OBJC_ISA_USAGE = YES_ERROR;
				CLANG_WARN_DOCUMENTATION_COMMENTS = YES;
				CLANG_WARN_EMPTY_BODY = YES;
				CLANG_WARN_ENUM_CONVERSION = YES;
				CLANG_WARN_INFINITE_RECURSION = YES;
				CLANG_WARN_INT_CONVERSION = YES;
				CLANG_WARN_NON_LITERAL_NULL_CONVERSION = YES;
				CLANG_WARN_OBJC_IMPLICIT_RETAIN_SELF = YES;
				CLANG_WARN_OBJC_LITERAL_CONVERSION = YES;
				CLANG_WARN_OBJC_ROOT_CLASS = YES_ERROR;
				CLANG_WARN_QUOTED_INCLUDE_IN_FRAMEWORK_HEADER = YES;
				CLANG_WARN_RANGE_LOOP_ANALYSIS = YES;
				CLANG_WARN_STRICT_PROTOTYPES = YES;
				CLANG_WARN_SUSPICIOUS_MOVE = YES;
				CLANG_WARN_UNGUARDED_AVAILABILITY = YES_AGGRESSIVE;
				CLANG_WARN_UNREACHABLE_CODE = YES;
				CLANG_WARN__DUPLICATE_METHOD_MATCH = YES;
				COPY_PHASE_STRIP = NO;
				DEBUG_INFORMATION_FORMAT = "dwarf-with-dsym";
				ENABLE_NS_ASSERTIONS = NO;
				ENABLE_STRICT_OBJC_MSGSEND = YES;
				GCC_C_LANGUAGE_STANDARD = gnu11;
				GCC_NO_COMMON_BLOCKS = YES;
				GCC_WARN_64_TO_32_BIT_CONVERSION = YES;
				GCC_WARN_ABOUT_RETURN_TYPE = YES_ERROR;
				GCC_WARN_UNDECLARED_SELECTOR = YES;
				GCC_WARN_UNINITIALIZED_AUTOS = YES_AGGRESSIVE;
				GCC_WARN_UNUSED_FUNCTION = YES;
				GCC_WARN_UNUSED_VARIABLE = YES;
				IPHONEOS_DEPLOYMENT_TARGET = 14.4;
				MTL_ENABLE_DEBUG_INFO = NO;
				MTL_FAST_MATH = YES;
				SDKROOT = iphoneos;
				SWIFT_COMPILATION_MODE = wholemodule;
				SWIFT_OPTIMIZATION_LEVEL = "-O";
				VALIDATE_PRODUCT = YES;
			};
			name = Release;
		};
		587389F5269B1D280050FB4D /* Debug */ = {
			isa = XCBuildConfiguration;
			buildSettings = {
				ASSETCATALOG_COMPILER_APPICON_NAME = AppIcon;
				ASSETCATALOG_COMPILER_GLOBAL_ACCENT_COLOR_NAME = AccentColor;
				CODE_SIGN_STYLE = Automatic;
				DEVELOPMENT_TEAM = 36LWVJ2THH;
				INFOPLIST_FILE = XSavvy/Info.plist;
				LD_RUNPATH_SEARCH_PATHS = (
					"$(inherited)",
					"@executable_path/Frameworks",
				);
				PRODUCT_BUNDLE_IDENTIFIER = muhtar.XSavvy;
				PRODUCT_NAME = "$(TARGET_NAME)";
				SWIFT_VERSION = 5.0;
				TARGETED_DEVICE_FAMILY = "1,2";
			};
			name = Debug;
		};
		587389F6269B1D280050FB4D /* Release */ = {
			isa = XCBuildConfiguration;
			buildSettings = {
				ASSETCATALOG_COMPILER_APPICON_NAME = AppIcon;
				ASSETCATALOG_COMPILER_GLOBAL_ACCENT_COLOR_NAME = AccentColor;
				CODE_SIGN_STYLE = Automatic;
				DEVELOPMENT_TEAM = 36LWVJ2THH;
				INFOPLIST_FILE = XSavvy/Info.plist;
				LD_RUNPATH_SEARCH_PATHS = (
					"$(inherited)",
					"@executable_path/Frameworks",
				);
				PRODUCT_BUNDLE_IDENTIFIER = muhtar.XSavvy;
				PRODUCT_NAME = "$(TARGET_NAME)";
				SWIFT_VERSION = 5.0;
				TARGETED_DEVICE_FAMILY = "1,2";
			};
			name = Release;
		};
/* End XCBuildConfiguration section */

/* Begin XCConfigurationList section */
		587389DB269B1D220050FB4D /* Build configuration list for PBXProject "XSavvy" */ = {
			isa = XCConfigurationList;
			buildConfigurations = (
				587389F2269B1D280050FB4D /* Debug */,
				587389F3269B1D280050FB4D /* Release */,
			);
			defaultConfigurationIsVisible = 0;
			defaultConfigurationName = Release;
		};
		587389F4269B1D280050FB4D /* Build configuration list for PBXNativeTarget "XSavvy" */ = {
			isa = XCConfigurationList;
			buildConfigurations = (
				587389F5269B1D280050FB4D /* Debug */,
				587389F6269B1D280050FB4D /* Release */,
			);
			defaultConfigurationIsVisible = 0;
			defaultConfigurationName = Release;
		};
/* End XCConfigurationList section */
	};
	rootObject = 587389D8269B1D220050FB4D /* Project object */;
}
